// !$*UTF8*$!
{
	archiveVersion = 1;
	classes = {
	};
	objectVersion = 48;
	objects = {

/* Begin PBXBuildFile section */
		28A00ED480C97A6D85E41356 /* Pods_meno_manage.framework in Frameworks */ = {isa = PBXBuildFile; fileRef = 4CBF08891D0CAD8CD9DBAEE5 /* Pods_meno_manage.framework */; };
		ED007544205D679800308502 /* ArticleListTableViewController.swift in Sources */ = {isa = PBXBuildFile; fileRef = ED007543205D679800308502 /* ArticleListTableViewController.swift */; };
		ED007546205D698F00308502 /* PublisherTableViewCell.swift in Sources */ = {isa = PBXBuildFile; fileRef = ED007545205D698F00308502 /* PublisherTableViewCell.swift */; };
		ED007548205D9F4100308502 /* relax.swift in Sources */ = {isa = PBXBuildFile; fileRef = ED007547205D9F4100308502 /* relax.swift */; };
		ED09CBFB2052D8F40043FCDD /* MoodChartsViewController.swift in Sources */ = {isa = PBXBuildFile; fileRef = ED09CBF92052D8F40043FCDD /* MoodChartsViewController.swift */; };
		ED09CBFC2052D8F40043FCDD /* CollectionViewCell.swift in Sources */ = {isa = PBXBuildFile; fileRef = ED09CBFA2052D8F40043FCDD /* CollectionViewCell.swift */; };
		ED15530A2059B62D0065B143 /* BreatheHomeViewController.swift in Sources */ = {isa = PBXBuildFile; fileRef = ED1553092059B62D0065B143 /* BreatheHomeViewController.swift */; };
		ED1AAA9A20826C7E00E7BE3F /* MoodHomeTableViewCell.swift in Sources */ = {isa = PBXBuildFile; fileRef = ED1AAA9920826C7E00E7BE3F /* MoodHomeTableViewCell.swift */; };
		ED1AAA9D20828BD500E7BE3F /* moodActivityCollectionViewCell.swift in Sources */ = {isa = PBXBuildFile; fileRef = ED1AAA9C20828BD500E7BE3F /* moodActivityCollectionViewCell.swift */; };
		ED1AAA9F20828BED00E7BE3F /* todayActivityCollectionViewCell.swift in Sources */ = {isa = PBXBuildFile; fileRef = ED1AAA9E20828BED00E7BE3F /* todayActivityCollectionViewCell.swift */; };
		ED1AAAA120828BFF00E7BE3F /* lastNoteCollectionViewCell.swift in Sources */ = {isa = PBXBuildFile; fileRef = ED1AAAA020828BFF00E7BE3F /* lastNoteCollectionViewCell.swift */; };
		ED1AAAA320828C1500E7BE3F /* symptomActivityCollectionViewCell.swift in Sources */ = {isa = PBXBuildFile; fileRef = ED1AAAA220828C1500E7BE3F /* symptomActivityCollectionViewCell.swift */; };
		ED1CDDC72021E102005DEE2E /* AppDelegate.swift in Sources */ = {isa = PBXBuildFile; fileRef = ED1CDDC62021E102005DEE2E /* AppDelegate.swift */; };
		ED1CDDC92021E102005DEE2E /* ViewController.swift in Sources */ = {isa = PBXBuildFile; fileRef = ED1CDDC82021E102005DEE2E /* ViewController.swift */; };
		ED1CDDCC2021E103005DEE2E /* Main.storyboard in Resources */ = {isa = PBXBuildFile; fileRef = ED1CDDCA2021E103005DEE2E /* Main.storyboard */; };
		ED1CDDCE2021E103005DEE2E /* Assets.xcassets in Resources */ = {isa = PBXBuildFile; fileRef = ED1CDDCD2021E103005DEE2E /* Assets.xcassets */; };
		ED1CDDD12021E103005DEE2E /* LaunchScreen.storyboard in Resources */ = {isa = PBXBuildFile; fileRef = ED1CDDCF2021E103005DEE2E /* LaunchScreen.storyboard */; };
		ED1CDDD92021E230005DEE2E /* GoogleService-Info.plist in Resources */ = {isa = PBXBuildFile; fileRef = ED1CDDD82021E230005DEE2E /* GoogleService-Info.plist */; };
		ED1CDDDB2021E650005DEE2E /* SignUpViewController.swift in Sources */ = {isa = PBXBuildFile; fileRef = ED1CDDDA2021E650005DEE2E /* SignUpViewController.swift */; };
		ED1CDDDD2021E65F005DEE2E /* SignInViewController.swift in Sources */ = {isa = PBXBuildFile; fileRef = ED1CDDDC2021E65F005DEE2E /* SignInViewController.swift */; };
		ED1DA6D72031B5FD0033A440 /* CommentPostViewController.swift in Sources */ = {isa = PBXBuildFile; fileRef = ED1DA6D62031B5FD0033A440 /* CommentPostViewController.swift */; };
		ED1F9A67206FE0CB002B3469 /* ConsentTask.swift in Sources */ = {isa = PBXBuildFile; fileRef = ED1F9A66206FE0CB002B3469 /* ConsentTask.swift */; };
		ED284BAF20697EF400B0F11A /* HealthHomeViewController.swift in Sources */ = {isa = PBXBuildFile; fileRef = ED284BAE20697EF400B0F11A /* HealthHomeViewController.swift */; };
		ED284BB32069931F00B0F11A /* DayTimeCollectionViewCell.swift in Sources */ = {isa = PBXBuildFile; fileRef = ED284BB22069931F00B0F11A /* DayTimeCollectionViewCell.swift */; };
		ED2C50AF20337CB400CB828C /* MoodTableViewController.swift in Sources */ = {isa = PBXBuildFile; fileRef = ED2C50AE20337CB400CB828C /* MoodTableViewController.swift */; };
		ED2C50BA20337EA500CB828C /* MoodCell.swift in Sources */ = {isa = PBXBuildFile; fileRef = ED2C50B920337EA500CB828C /* MoodCell.swift */; };
		ED2C50BC2033821A00CB828C /* PostMoodViewController.swift in Sources */ = {isa = PBXBuildFile; fileRef = ED2C50BB2033821A00CB828C /* PostMoodViewController.swift */; };
		ED2C50BE20338A9100CB828C /* Mood.swift in Sources */ = {isa = PBXBuildFile; fileRef = ED2C50BD20338A9100CB828C /* Mood.swift */; };
		ED33EE3E205EE55D00ECC133 /* RelaxTableViewCell.swift in Sources */ = {isa = PBXBuildFile; fileRef = ED33EE3D205EE55D00ECC133 /* RelaxTableViewCell.swift */; };
		ED33EE42205F04BC00ECC133 /* BreatheHomeStatsViewController.swift in Sources */ = {isa = PBXBuildFile; fileRef = ED33EE41205F04BC00ECC133 /* BreatheHomeStatsViewController.swift */; };
		ED33EE44205F04CF00ECC133 /* ReadingsTableViewCell.swift in Sources */ = {isa = PBXBuildFile; fileRef = ED33EE43205F04CF00ECC133 /* ReadingsTableViewCell.swift */; };
		ED33EE47205F2F4E00ECC133 /* BreatheCollectionViewCell.swift in Sources */ = {isa = PBXBuildFile; fileRef = ED33EE46205F2F4E00ECC133 /* BreatheCollectionViewCell.swift */; };
		ED375C0B20790E80002D1489 /* HealthTableViewCell.swift in Sources */ = {isa = PBXBuildFile; fileRef = ED375C0A20790E80002D1489 /* HealthTableViewCell.swift */; };
		ED3D72BD2054262100B3E22C /* RSSwift.xcdatamodeld in Sources */ = {isa = PBXBuildFile; fileRef = ED3D72BB2054262100B3E22C /* RSSwift.xcdatamodeld */; };
		ED3D72C12054263C00B3E22C /* FeedItemViewController.swift in Sources */ = {isa = PBXBuildFile; fileRef = ED3D72BE2054263C00B3E22C /* FeedItemViewController.swift */; };
		ED3D72C22054263C00B3E22C /* FeedListViewController.swift in Sources */ = {isa = PBXBuildFile; fileRef = ED3D72BF2054263C00B3E22C /* FeedListViewController.swift */; };
		ED3D72C32054263C00B3E22C /* XmlParserManager.swift in Sources */ = {isa = PBXBuildFile; fileRef = ED3D72C02054263C00B3E22C /* XmlParserManager.swift */; };
		ED490AC6203753790042136F /* Video.swift in Sources */ = {isa = PBXBuildFile; fileRef = ED490AC5203753790042136F /* Video.swift */; };
		ED490AC92037543B0042136F /* videoModel.swift in Sources */ = {isa = PBXBuildFile; fileRef = ED490AC82037543B0042136F /* videoModel.swift */; };
		ED490ACB2037581B0042136F /* LearnTableViewController.swift in Sources */ = {isa = PBXBuildFile; fileRef = ED490ACA2037581B0042136F /* LearnTableViewController.swift */; };
		ED4BBB01202C91A500CBD69E /* PostViewController.swift in Sources */ = {isa = PBXBuildFile; fileRef = ED4BBB00202C91A500CBD69E /* PostViewController.swift */; };
		ED4BBB03202CC57E00CBD69E /* CommentCell.swift in Sources */ = {isa = PBXBuildFile; fileRef = ED4BBB02202CC57E00CBD69E /* CommentCell.swift */; };
		ED4BBB05202CD59800CBD69E /* CommentViewController.swift in Sources */ = {isa = PBXBuildFile; fileRef = ED4BBB04202CD59800CBD69E /* CommentViewController.swift */; };
		ED611F47204EE7A60087697C /* Math.swift in Sources */ = {isa = PBXBuildFile; fileRef = ED611F3F204EE7A50087697C /* Math.swift */; };
		ED611F48204EE7A60087697C /* UIColor+Hex.swift in Sources */ = {isa = PBXBuildFile; fileRef = ED611F40204EE7A50087697C /* UIColor+Hex.swift */; };
		ED611F49204EE7A60087697C /* UIBezierPath+Clone.swift in Sources */ = {isa = PBXBuildFile; fileRef = ED611F41204EE7A50087697C /* UIBezierPath+Clone.swift */; };
		ED611F4A204EE7A60087697C /* CGRect+Center.swift in Sources */ = {isa = PBXBuildFile; fileRef = ED611F42204EE7A50087697C /* CGRect+Center.swift */; };
		ED611F4B204EE7A60087697C /* BreatheView.swift in Sources */ = {isa = PBXBuildFile; fileRef = ED611F43204EE7A50087697C /* BreatheView.swift */; };
		ED611F4C204EE7A60087697C /* CGPoint+Hashable.swift in Sources */ = {isa = PBXBuildFile; fileRef = ED611F44204EE7A50087697C /* CGPoint+Hashable.swift */; };
		ED611F4D204EE7A60087697C /* BreatheViewController.swift in Sources */ = {isa = PBXBuildFile; fileRef = ED611F45204EE7A50087697C /* BreatheViewController.swift */; };
		ED611F4E204EE7A60087697C /* CAMediaTimingFunction+CustomTypes.swift in Sources */ = {isa = PBXBuildFile; fileRef = ED611F46204EE7A60087697C /* CAMediaTimingFunction+CustomTypes.swift */; };
		ED66B4A52028951B004E84B5 /* ShareSomethingCell.swift in Sources */ = {isa = PBXBuildFile; fileRef = ED66B4A42028951B004E84B5 /* ShareSomethingCell.swift */; };
		ED66B4A92028C001004E84B5 /* ShareSomething.swift in Sources */ = {isa = PBXBuildFile; fileRef = ED66B4A82028C001004E84B5 /* ShareSomething.swift */; };
		ED66B4AB2028C227004E84B5 /* CommunityViewController.swift in Sources */ = {isa = PBXBuildFile; fileRef = ED66B4AA2028C227004E84B5 /* CommunityViewController.swift */; };
		ED66B4AD2028C793004E84B5 /* SetImageViewController.swift in Sources */ = {isa = PBXBuildFile; fileRef = ED66B4AC2028C793004E84B5 /* SetImageViewController.swift */; };
		ED757472203F03B400DF0610 /* MoodHomeViewController.swift in Sources */ = {isa = PBXBuildFile; fileRef = ED757471203F03B400DF0610 /* MoodHomeViewController.swift */; };
		ED8B069C206FB38900287CEF /* FavoriteItem.swift in Sources */ = {isa = PBXBuildFile; fileRef = ED8B0692206FB38000287CEF /* FavoriteItem.swift */; };
		ED8B069D206FB38900287CEF /* FavoritesViewController.swift in Sources */ = {isa = PBXBuildFile; fileRef = ED8B0693206FB38100287CEF /* FavoritesViewController.swift */; };
		ED8B069E206FB38900287CEF /* FeedViewController.swift in Sources */ = {isa = PBXBuildFile; fileRef = ED8B0694206FB38200287CEF /* FeedViewController.swift */; };
		ED8B069F206FB38900287CEF /* MyUIAlertController.swift in Sources */ = {isa = PBXBuildFile; fileRef = ED8B0695206FB38400287CEF /* MyUIAlertController.swift */; };
		ED8B06A0206FB38900287CEF /* FeedCell.swift in Sources */ = {isa = PBXBuildFile; fileRef = ED8B0697206FB38500287CEF /* FeedCell.swift */; };
		ED8B06A1206FB38900287CEF /* ItemCell.swift in Sources */ = {isa = PBXBuildFile; fileRef = ED8B0698206FB38500287CEF /* ItemCell.swift */; };
		ED8B06A2206FB38900287CEF /* DataManager.swift in Sources */ = {isa = PBXBuildFile; fileRef = ED8B069A206FB38800287CEF /* DataManager.swift */; };
		ED8B06A3206FB38900287CEF /* HomeViewController.swift in Sources */ = {isa = PBXBuildFile; fileRef = ED8B069B206FB38800287CEF /* HomeViewController.swift */; };
		ED8B06A5206FC05B00287CEF /* SafariServices.framework in Frameworks */ = {isa = PBXBuildFile; fileRef = ED8B06A4206FC05B00287CEF /* SafariServices.framework */; };
		ED9216042069534B00B42509 /* HealthKit.framework in Frameworks */ = {isa = PBXBuildFile; fileRef = ED9216032069534B00B42509 /* HealthKit.framework */; };
		EDCC3AB3202385630051B132 /* ProfileViewController.swift in Sources */ = {isa = PBXBuildFile; fileRef = EDCC3AB2202385630051B132 /* ProfileViewController.swift */; };
		EDEB8A0A2063D396005FEE7E /* LineViewCollectionViewCell.swift in Sources */ = {isa = PBXBuildFile; fileRef = EDEB8A092063D396005FEE7E /* LineViewCollectionViewCell.swift */; };
		EDEB8A0E2063D962005FEE7E /* MyPostsTableViewController.swift in Sources */ = {isa = PBXBuildFile; fileRef = EDEB8A0D2063D962005FEE7E /* MyPostsTableViewController.swift */; };
		EDEB8A102063D9AD005FEE7E /* MyPostsTableViewCell.swift in Sources */ = {isa = PBXBuildFile; fileRef = EDEB8A0F2063D9AD005FEE7E /* MyPostsTableViewCell.swift */; };
		EDF8870A205BD87800036BE9 /* NewPostMoodViewController.swift in Sources */ = {isa = PBXBuildFile; fileRef = EDF88709205BD87800036BE9 /* NewPostMoodViewController.swift */; };
		EDFBD4BF2029078F008C2A88 /* PostCell.swift in Sources */ = {isa = PBXBuildFile; fileRef = EDFBD4BE2029078F008C2A88 /* PostCell.swift */; };
		EDFBD4C12029088E008C2A88 /* Post.swift in Sources */ = {isa = PBXBuildFile; fileRef = EDFBD4C02029088E008C2A88 /* Post.swift */; };
/* End PBXBuildFile section */

/* Begin PBXFileReference section */
		4CBF08891D0CAD8CD9DBAEE5 /* Pods_meno_manage.framework */ = {isa = PBXFileReference; explicitFileType = wrapper.framework; includeInIndex = 0; path = Pods_meno_manage.framework; sourceTree = BUILT_PRODUCTS_DIR; };
		A33D84BC58A5609BE5EC4022 /* Pods-meno-manage.release.xcconfig */ = {isa = PBXFileReference; includeInIndex = 1; lastKnownFileType = text.xcconfig; name = "Pods-meno-manage.release.xcconfig"; path = "Pods/Target Support Files/Pods-meno-manage/Pods-meno-manage.release.xcconfig"; sourceTree = "<group>"; };
		A38686F15C57A7693E326BDD /* Pods-meno-manage.debug.xcconfig */ = {isa = PBXFileReference; includeInIndex = 1; lastKnownFileType = text.xcconfig; name = "Pods-meno-manage.debug.xcconfig"; path = "Pods/Target Support Files/Pods-meno-manage/Pods-meno-manage.debug.xcconfig"; sourceTree = "<group>"; };
		ED007543205D679800308502 /* ArticleListTableViewController.swift */ = {isa = PBXFileReference; lastKnownFileType = sourcecode.swift; path = ArticleListTableViewController.swift; sourceTree = "<group>"; };
		ED007545205D698F00308502 /* PublisherTableViewCell.swift */ = {isa = PBXFileReference; lastKnownFileType = sourcecode.swift; path = PublisherTableViewCell.swift; sourceTree = "<group>"; };
		ED007547205D9F4100308502 /* relax.swift */ = {isa = PBXFileReference; lastKnownFileType = sourcecode.swift; path = relax.swift; sourceTree = "<group>"; };
		ED09CBF92052D8F40043FCDD /* MoodChartsViewController.swift */ = {isa = PBXFileReference; fileEncoding = 4; lastKnownFileType = sourcecode.swift; path = MoodChartsViewController.swift; sourceTree = "<group>"; };
		ED09CBFA2052D8F40043FCDD /* CollectionViewCell.swift */ = {isa = PBXFileReference; fileEncoding = 4; lastKnownFileType = sourcecode.swift; path = CollectionViewCell.swift; sourceTree = "<group>"; };
		ED1553092059B62D0065B143 /* BreatheHomeViewController.swift */ = {isa = PBXFileReference; lastKnownFileType = sourcecode.swift; name = BreatheHomeViewController.swift; path = "meno-manage/Breathe/BreatheHomeViewController.swift"; sourceTree = SOURCE_ROOT; };
		ED1AAA9920826C7E00E7BE3F /* MoodHomeTableViewCell.swift */ = {isa = PBXFileReference; lastKnownFileType = sourcecode.swift; path = MoodHomeTableViewCell.swift; sourceTree = "<group>"; };
		ED1AAA9C20828BD500E7BE3F /* moodActivityCollectionViewCell.swift */ = {isa = PBXFileReference; lastKnownFileType = sourcecode.swift; path = moodActivityCollectionViewCell.swift; sourceTree = "<group>"; };
		ED1AAA9E20828BED00E7BE3F /* todayActivityCollectionViewCell.swift */ = {isa = PBXFileReference; lastKnownFileType = sourcecode.swift; path = todayActivityCollectionViewCell.swift; sourceTree = "<group>"; };
		ED1AAAA020828BFF00E7BE3F /* lastNoteCollectionViewCell.swift */ = {isa = PBXFileReference; lastKnownFileType = sourcecode.swift; path = lastNoteCollectionViewCell.swift; sourceTree = "<group>"; };
		ED1AAAA220828C1500E7BE3F /* symptomActivityCollectionViewCell.swift */ = {isa = PBXFileReference; lastKnownFileType = sourcecode.swift; path = symptomActivityCollectionViewCell.swift; sourceTree = "<group>"; };
		ED1CDDC32021E102005DEE2E /* meno-manage.app */ = {isa = PBXFileReference; explicitFileType = wrapper.application; includeInIndex = 0; path = "meno-manage.app"; sourceTree = BUILT_PRODUCTS_DIR; };
		ED1CDDC62021E102005DEE2E /* AppDelegate.swift */ = {isa = PBXFileReference; lastKnownFileType = sourcecode.swift; path = AppDelegate.swift; sourceTree = "<group>"; };
		ED1CDDC82021E102005DEE2E /* ViewController.swift */ = {isa = PBXFileReference; lastKnownFileType = sourcecode.swift; path = ViewController.swift; sourceTree = "<group>"; };
		ED1CDDCB2021E103005DEE2E /* Base */ = {isa = PBXFileReference; lastKnownFileType = file.storyboard; name = Base; path = Base.lproj/Main.storyboard; sourceTree = "<group>"; };
		ED1CDDCD2021E103005DEE2E /* Assets.xcassets */ = {isa = PBXFileReference; lastKnownFileType = folder.assetcatalog; path = Assets.xcassets; sourceTree = "<group>"; };
		ED1CDDD02021E103005DEE2E /* Base */ = {isa = PBXFileReference; lastKnownFileType = file.storyboard; name = Base; path = Base.lproj/LaunchScreen.storyboard; sourceTree = "<group>"; };
		ED1CDDD22021E103005DEE2E /* Info.plist */ = {isa = PBXFileReference; lastKnownFileType = text.plist.xml; path = Info.plist; sourceTree = "<group>"; };
		ED1CDDD82021E230005DEE2E /* GoogleService-Info.plist */ = {isa = PBXFileReference; fileEncoding = 4; lastKnownFileType = text.plist.xml; path = "GoogleService-Info.plist"; sourceTree = "<group>"; };
		ED1CDDDA2021E650005DEE2E /* SignUpViewController.swift */ = {isa = PBXFileReference; lastKnownFileType = sourcecode.swift; path = SignUpViewController.swift; sourceTree = "<group>"; };
		ED1CDDDC2021E65F005DEE2E /* SignInViewController.swift */ = {isa = PBXFileReference; lastKnownFileType = sourcecode.swift; path = SignInViewController.swift; sourceTree = "<group>"; };
		ED1DA6D62031B5FD0033A440 /* CommentPostViewController.swift */ = {isa = PBXFileReference; lastKnownFileType = sourcecode.swift; path = CommentPostViewController.swift; sourceTree = "<group>"; };
		ED1F9A66206FE0CB002B3469 /* ConsentTask.swift */ = {isa = PBXFileReference; lastKnownFileType = sourcecode.swift; path = ConsentTask.swift; sourceTree = "<group>"; };
		ED284BAE20697EF400B0F11A /* HealthHomeViewController.swift */ = {isa = PBXFileReference; lastKnownFileType = sourcecode.swift; path = HealthHomeViewController.swift; sourceTree = "<group>"; };
		ED284BB22069931F00B0F11A /* DayTimeCollectionViewCell.swift */ = {isa = PBXFileReference; lastKnownFileType = sourcecode.swift; path = DayTimeCollectionViewCell.swift; sourceTree = "<group>"; };
		ED2C50AE20337CB400CB828C /* MoodTableViewController.swift */ = {isa = PBXFileReference; lastKnownFileType = sourcecode.swift; path = MoodTableViewController.swift; sourceTree = "<group>"; };
		ED2C50B920337EA500CB828C /* MoodCell.swift */ = {isa = PBXFileReference; lastKnownFileType = sourcecode.swift; path = MoodCell.swift; sourceTree = "<group>"; };
		ED2C50BB2033821A00CB828C /* PostMoodViewController.swift */ = {isa = PBXFileReference; lastKnownFileType = sourcecode.swift; path = PostMoodViewController.swift; sourceTree = "<group>"; };
		ED2C50BD20338A9100CB828C /* Mood.swift */ = {isa = PBXFileReference; lastKnownFileType = sourcecode.swift; path = Mood.swift; sourceTree = "<group>"; };
		ED33EE3D205EE55D00ECC133 /* RelaxTableViewCell.swift */ = {isa = PBXFileReference; lastKnownFileType = sourcecode.swift; path = RelaxTableViewCell.swift; sourceTree = "<group>"; };
		ED33EE41205F04BC00ECC133 /* BreatheHomeStatsViewController.swift */ = {isa = PBXFileReference; lastKnownFileType = sourcecode.swift; path = BreatheHomeStatsViewController.swift; sourceTree = "<group>"; };
		ED33EE43205F04CF00ECC133 /* ReadingsTableViewCell.swift */ = {isa = PBXFileReference; lastKnownFileType = sourcecode.swift; path = ReadingsTableViewCell.swift; sourceTree = "<group>"; };
		ED33EE46205F2F4E00ECC133 /* BreatheCollectionViewCell.swift */ = {isa = PBXFileReference; lastKnownFileType = sourcecode.swift; path = BreatheCollectionViewCell.swift; sourceTree = "<group>"; };
		ED375C0A20790E80002D1489 /* HealthTableViewCell.swift */ = {isa = PBXFileReference; lastKnownFileType = sourcecode.swift; path = HealthTableViewCell.swift; sourceTree = "<group>"; };
		ED3D72BC2054262100B3E22C /* RSSwift.xcdatamodel */ = {isa = PBXFileReference; lastKnownFileType = wrapper.xcdatamodel; path = RSSwift.xcdatamodel; sourceTree = "<group>"; };
		ED3D72BE2054263C00B3E22C /* FeedItemViewController.swift */ = {isa = PBXFileReference; fileEncoding = 4; lastKnownFileType = sourcecode.swift; path = FeedItemViewController.swift; sourceTree = "<group>"; };
		ED3D72BF2054263C00B3E22C /* FeedListViewController.swift */ = {isa = PBXFileReference; fileEncoding = 4; lastKnownFileType = sourcecode.swift; path = FeedListViewController.swift; sourceTree = "<group>"; };
		ED3D72C02054263C00B3E22C /* XmlParserManager.swift */ = {isa = PBXFileReference; fileEncoding = 4; lastKnownFileType = sourcecode.swift; path = XmlParserManager.swift; sourceTree = "<group>"; };
		ED490AC5203753790042136F /* Video.swift */ = {isa = PBXFileReference; lastKnownFileType = sourcecode.swift; path = Video.swift; sourceTree = "<group>"; };
		ED490AC82037543B0042136F /* videoModel.swift */ = {isa = PBXFileReference; lastKnownFileType = sourcecode.swift; path = videoModel.swift; sourceTree = "<group>"; };
		ED490ACA2037581B0042136F /* LearnTableViewController.swift */ = {isa = PBXFileReference; lastKnownFileType = sourcecode.swift; path = LearnTableViewController.swift; sourceTree = "<group>"; };
		ED4BBB00202C91A500CBD69E /* PostViewController.swift */ = {isa = PBXFileReference; lastKnownFileType = sourcecode.swift; path = PostViewController.swift; sourceTree = "<group>"; };
		ED4BBB02202CC57E00CBD69E /* CommentCell.swift */ = {isa = PBXFileReference; lastKnownFileType = sourcecode.swift; path = CommentCell.swift; sourceTree = "<group>"; };
		ED4BBB04202CD59800CBD69E /* CommentViewController.swift */ = {isa = PBXFileReference; lastKnownFileType = sourcecode.swift; path = CommentViewController.swift; sourceTree = "<group>"; };
		ED611F3F204EE7A50087697C /* Math.swift */ = {isa = PBXFileReference; fileEncoding = 4; lastKnownFileType = sourcecode.swift; name = Math.swift; path = "../../../../../../../../Volumes/My Passport for Mac/Downloads/BreatheView-master/BreatheView/Math.swift"; sourceTree = "<group>"; };
		ED611F40204EE7A50087697C /* UIColor+Hex.swift */ = {isa = PBXFileReference; fileEncoding = 4; lastKnownFileType = sourcecode.swift; name = "UIColor+Hex.swift"; path = "../../../../../../../../Volumes/My Passport for Mac/Downloads/BreatheView-master/BreatheView/UIColor+Hex.swift"; sourceTree = "<group>"; };
		ED611F41204EE7A50087697C /* UIBezierPath+Clone.swift */ = {isa = PBXFileReference; fileEncoding = 4; lastKnownFileType = sourcecode.swift; name = "UIBezierPath+Clone.swift"; path = "../../../../../../../../Volumes/My Passport for Mac/Downloads/BreatheView-master/BreatheView/UIBezierPath+Clone.swift"; sourceTree = "<group>"; };
		ED611F42204EE7A50087697C /* CGRect+Center.swift */ = {isa = PBXFileReference; fileEncoding = 4; lastKnownFileType = sourcecode.swift; name = "CGRect+Center.swift"; path = "../../../../../../../../Volumes/My Passport for Mac/Downloads/BreatheView-master/BreatheView/CGRect+Center.swift"; sourceTree = "<group>"; };
		ED611F43204EE7A50087697C /* BreatheView.swift */ = {isa = PBXFileReference; fileEncoding = 4; lastKnownFileType = sourcecode.swift; name = BreatheView.swift; path = "../../../../../../../../Volumes/My Passport for Mac/Downloads/BreatheView-master/BreatheView/BreatheView.swift"; sourceTree = "<group>"; };
		ED611F44204EE7A50087697C /* CGPoint+Hashable.swift */ = {isa = PBXFileReference; fileEncoding = 4; lastKnownFileType = sourcecode.swift; name = "CGPoint+Hashable.swift"; path = "../../../../../../../../Volumes/My Passport for Mac/Downloads/BreatheView-master/BreatheView/CGPoint+Hashable.swift"; sourceTree = "<group>"; };
		ED611F45204EE7A50087697C /* BreatheViewController.swift */ = {isa = PBXFileReference; fileEncoding = 4; lastKnownFileType = sourcecode.swift; name = BreatheViewController.swift; path = "../../../../../../../../Volumes/My Passport for Mac/Downloads/BreatheView-master/BreatheView/BreatheViewController.swift"; sourceTree = "<group>"; };
		ED611F46204EE7A60087697C /* CAMediaTimingFunction+CustomTypes.swift */ = {isa = PBXFileReference; fileEncoding = 4; lastKnownFileType = sourcecode.swift; name = "CAMediaTimingFunction+CustomTypes.swift"; path = "../../../../../../../../Volumes/My Passport for Mac/Downloads/BreatheView-master/BreatheView/CAMediaTimingFunction+CustomTypes.swift"; sourceTree = "<group>"; };
		ED66B4A42028951B004E84B5 /* ShareSomethingCell.swift */ = {isa = PBXFileReference; lastKnownFileType = sourcecode.swift; path = ShareSomethingCell.swift; sourceTree = "<group>"; };
		ED66B4A82028C001004E84B5 /* ShareSomething.swift */ = {isa = PBXFileReference; lastKnownFileType = sourcecode.swift; path = ShareSomething.swift; sourceTree = "<group>"; };
		ED66B4AA2028C227004E84B5 /* CommunityViewController.swift */ = {isa = PBXFileReference; lastKnownFileType = sourcecode.swift; path = CommunityViewController.swift; sourceTree = "<group>"; };
		ED66B4AC2028C793004E84B5 /* SetImageViewController.swift */ = {isa = PBXFileReference; lastKnownFileType = sourcecode.swift; path = SetImageViewController.swift; sourceTree = "<group>"; };
		ED757471203F03B400DF0610 /* MoodHomeViewController.swift */ = {isa = PBXFileReference; lastKnownFileType = sourcecode.swift; path = MoodHomeViewController.swift; sourceTree = "<group>"; };
		ED8B0692206FB38000287CEF /* FavoriteItem.swift */ = {isa = PBXFileReference; fileEncoding = 4; lastKnownFileType = sourcecode.swift; path = FavoriteItem.swift; sourceTree = "<group>"; };
		ED8B0693206FB38100287CEF /* FavoritesViewController.swift */ = {isa = PBXFileReference; fileEncoding = 4; lastKnownFileType = sourcecode.swift; path = FavoritesViewController.swift; sourceTree = "<group>"; };
		ED8B0694206FB38200287CEF /* FeedViewController.swift */ = {isa = PBXFileReference; fileEncoding = 4; lastKnownFileType = sourcecode.swift; path = FeedViewController.swift; sourceTree = "<group>"; };
		ED8B0695206FB38400287CEF /* MyUIAlertController.swift */ = {isa = PBXFileReference; fileEncoding = 4; lastKnownFileType = sourcecode.swift; path = MyUIAlertController.swift; sourceTree = "<group>"; };
		ED8B0697206FB38500287CEF /* FeedCell.swift */ = {isa = PBXFileReference; fileEncoding = 4; lastKnownFileType = sourcecode.swift; path = FeedCell.swift; sourceTree = "<group>"; };
		ED8B0698206FB38500287CEF /* ItemCell.swift */ = {isa = PBXFileReference; fileEncoding = 4; lastKnownFileType = sourcecode.swift; path = ItemCell.swift; sourceTree = "<group>"; };
		ED8B069A206FB38800287CEF /* DataManager.swift */ = {isa = PBXFileReference; fileEncoding = 4; lastKnownFileType = sourcecode.swift; path = DataManager.swift; sourceTree = "<group>"; };
		ED8B069B206FB38800287CEF /* HomeViewController.swift */ = {isa = PBXFileReference; fileEncoding = 4; lastKnownFileType = sourcecode.swift; path = HomeViewController.swift; sourceTree = "<group>"; };
		ED8B06A4206FC05B00287CEF /* SafariServices.framework */ = {isa = PBXFileReference; lastKnownFileType = wrapper.framework; name = SafariServices.framework; path = System/Library/Frameworks/SafariServices.framework; sourceTree = SDKROOT; };
		ED9216022069533F00B42509 /* meno-manage.entitlements */ = {isa = PBXFileReference; lastKnownFileType = text.plist.entitlements; path = "meno-manage.entitlements"; sourceTree = "<group>"; };
		ED9216032069534B00B42509 /* HealthKit.framework */ = {isa = PBXFileReference; lastKnownFileType = wrapper.framework; name = HealthKit.framework; path = System/Library/Frameworks/HealthKit.framework; sourceTree = SDKROOT; };
		EDCC3AB2202385630051B132 /* ProfileViewController.swift */ = {isa = PBXFileReference; lastKnownFileType = sourcecode.swift; path = ProfileViewController.swift; sourceTree = "<group>"; };
		EDEB8A092063D396005FEE7E /* LineViewCollectionViewCell.swift */ = {isa = PBXFileReference; lastKnownFileType = sourcecode.swift; path = LineViewCollectionViewCell.swift; sourceTree = "<group>"; };
		EDEB8A0D2063D962005FEE7E /* MyPostsTableViewController.swift */ = {isa = PBXFileReference; lastKnownFileType = sourcecode.swift; path = MyPostsTableViewController.swift; sourceTree = "<group>"; };
		EDEB8A0F2063D9AD005FEE7E /* MyPostsTableViewCell.swift */ = {isa = PBXFileReference; lastKnownFileType = sourcecode.swift; path = MyPostsTableViewCell.swift; sourceTree = "<group>"; };
		EDF88709205BD87800036BE9 /* NewPostMoodViewController.swift */ = {isa = PBXFileReference; lastKnownFileType = sourcecode.swift; path = NewPostMoodViewController.swift; sourceTree = "<group>"; };
		EDFBD4BE2029078F008C2A88 /* PostCell.swift */ = {isa = PBXFileReference; lastKnownFileType = sourcecode.swift; path = PostCell.swift; sourceTree = "<group>"; };
		EDFBD4C02029088E008C2A88 /* Post.swift */ = {isa = PBXFileReference; lastKnownFileType = sourcecode.swift; path = Post.swift; sourceTree = "<group>"; };
/* End PBXFileReference section */

/* Begin PBXFrameworksBuildPhase section */
		ED1CDDC02021E102005DEE2E /* Frameworks */ = {
			isa = PBXFrameworksBuildPhase;
			buildActionMask = 2147483647;
			files = (
				ED8B06A5206FC05B00287CEF /* SafariServices.framework in Frameworks */,
				28A00ED480C97A6D85E41356 /* Pods_meno_manage.framework in Frameworks */,
				ED9216042069534B00B42509 /* HealthKit.framework in Frameworks */,
			);
			runOnlyForDeploymentPostprocessing = 0;
		};
/* End PBXFrameworksBuildPhase section */

/* Begin PBXGroup section */
		BB375DA21C18433B64F59C65 /* Frameworks */ = {
			isa = PBXGroup;
			children = (
				ED8B06A4206FC05B00287CEF /* SafariServices.framework */,
				ED9216032069534B00B42509 /* HealthKit.framework */,
				4CBF08891D0CAD8CD9DBAEE5 /* Pods_meno_manage.framework */,
			);
			name = Frameworks;
			sourceTree = "<group>";
		};
		DDFA78E8CF33EF1C8A052E51 /* Pods */ = {
			isa = PBXGroup;
			children = (
				A38686F15C57A7693E326BDD /* Pods-meno-manage.debug.xcconfig */,
				A33D84BC58A5609BE5EC4022 /* Pods-meno-manage.release.xcconfig */,
			);
			name = Pods;
			sourceTree = "<group>";
		};
		ED09CBF42052D4550043FCDD /* MoodCharts */ = {
			isa = PBXGroup;
			children = (
				ED1AAA9B20828B9300E7BE3F /* Chart Cells */,
				ED09CBFA2052D8F40043FCDD /* CollectionViewCell.swift */,
				ED09CBF92052D8F40043FCDD /* MoodChartsViewController.swift */,
				ED284BB22069931F00B0F11A /* DayTimeCollectionViewCell.swift */,
				ED1AAA9920826C7E00E7BE3F /* MoodHomeTableViewCell.swift */,
			);
			path = MoodCharts;
			sourceTree = "<group>";
		};
		ED1AAA9B20828B9300E7BE3F /* Chart Cells */ = {
			isa = PBXGroup;
			children = (
				ED1AAA9C20828BD500E7BE3F /* moodActivityCollectionViewCell.swift */,
				ED1AAA9E20828BED00E7BE3F /* todayActivityCollectionViewCell.swift */,
				ED1AAAA020828BFF00E7BE3F /* lastNoteCollectionViewCell.swift */,
				ED1AAAA220828C1500E7BE3F /* symptomActivityCollectionViewCell.swift */,
			);
			path = "Chart Cells";
			sourceTree = "<group>";
		};
		ED1CDDBA2021E102005DEE2E = {
			isa = PBXGroup;
			children = (
				ED1CDDC52021E102005DEE2E /* meno-manage */,
				ED1CDDC42021E102005DEE2E /* Products */,
				DDFA78E8CF33EF1C8A052E51 /* Pods */,
				BB375DA21C18433B64F59C65 /* Frameworks */,
			);
			sourceTree = "<group>";
		};
		ED1CDDC42021E102005DEE2E /* Products */ = {
			isa = PBXGroup;
			children = (
				ED1CDDC32021E102005DEE2E /* meno-manage.app */,
			);
			name = Products;
			sourceTree = "<group>";
		};
		ED1CDDC52021E102005DEE2E /* meno-manage */ = {
			isa = PBXGroup;
			children = (
				ED8B0690206FB11300287CEF /* RSS ARTICLES */,
				ED284BAD20697ED700B0F11A /* HealthKit */,
				ED9216022069533F00B42509 /* meno-manage.entitlements */,
				ED3D72BA205425E600B3E22C /* ArticleList */,
				ED611F3E204EE7760087697C /* Breathe */,
				ED4BBAFF202C90FB00CBD69E /* Controller */,
				ED66B4A7202897A4004E84B5 /* Model */,
				ED66B4A3202894DE004E84B5 /* View */,
				ED1CDDC62021E102005DEE2E /* AppDelegate.swift */,
				ED1CDDCA2021E103005DEE2E /* Main.storyboard */,
				ED1CDDCD2021E103005DEE2E /* Assets.xcassets */,
				ED1CDDCF2021E103005DEE2E /* LaunchScreen.storyboard */,
				ED1CDDD82021E230005DEE2E /* GoogleService-Info.plist */,
				ED1CDDD22021E103005DEE2E /* Info.plist */,
				ED3D72BB2054262100B3E22C /* RSSwift.xcdatamodeld */,
			);
			path = "meno-manage";
			sourceTree = "<group>";
		};
		ED284BAC20697EC800B0F11A /* New Group */ = {
			isa = PBXGroup;
			children = (
			);
			path = "New Group";
			sourceTree = "<group>";
		};
		ED284BAD20697ED700B0F11A /* HealthKit */ = {
			isa = PBXGroup;
			children = (
				ED284BAE20697EF400B0F11A /* HealthHomeViewController.swift */,
				ED375C0A20790E80002D1489 /* HealthTableViewCell.swift */,
			);
			path = HealthKit;
			sourceTree = "<group>";
		};
		ED2C50B220337CE300CB828C /* myCommunity */ = {
			isa = PBXGroup;
			children = (
				ED66B4AA2028C227004E84B5 /* CommunityViewController.swift */,
				ED4BBB00202C91A500CBD69E /* PostViewController.swift */,
				ED4BBB04202CD59800CBD69E /* CommentViewController.swift */,
				ED1DA6D62031B5FD0033A440 /* CommentPostViewController.swift */,
				EDEB8A0D2063D962005FEE7E /* MyPostsTableViewController.swift */,
				EDEB8A0F2063D9AD005FEE7E /* MyPostsTableViewCell.swift */,
			);
			path = myCommunity;
			sourceTree = "<group>";
		};
		ED2C50B320337D1500CB828C /* Login */ = {
			isa = PBXGroup;
			children = (
				ED1CDDDA2021E650005DEE2E /* SignUpViewController.swift */,
				ED1CDDDC2021E65F005DEE2E /* SignInViewController.swift */,
				ED66B4AC2028C793004E84B5 /* SetImageViewController.swift */,
				ED1CDDC82021E102005DEE2E /* ViewController.swift */,
				ED1F9A66206FE0CB002B3469 /* ConsentTask.swift */,
			);
			path = Login;
			sourceTree = "<group>";
		};
		ED2C50B420337D3000CB828C /* User Profile */ = {
			isa = PBXGroup;
			children = (
				EDCC3AB2202385630051B132 /* ProfileViewController.swift */,
			);
			path = "User Profile";
			sourceTree = "<group>";
		};
		ED2C50B520337D3F00CB828C /* myMood */ = {
			isa = PBXGroup;
			children = (
				ED09CBF42052D4550043FCDD /* MoodCharts */,
				ED2C50AE20337CB400CB828C /* MoodTableViewController.swift */,
				ED2C50BB2033821A00CB828C /* PostMoodViewController.swift */,
				ED757471203F03B400DF0610 /* MoodHomeViewController.swift */,
				EDF88709205BD87800036BE9 /* NewPostMoodViewController.swift */,
			);
			path = myMood;
			sourceTree = "<group>";
		};
		ED2C50B620337D5500CB828C /* myCommunity */ = {
			isa = PBXGroup;
			children = (
				ED66B4A82028C001004E84B5 /* ShareSomething.swift */,
				EDFBD4C02029088E008C2A88 /* Post.swift */,
			);
			path = myCommunity;
			sourceTree = "<group>";
		};
		ED2C50B720337D6400CB828C /* myCommunity */ = {
			isa = PBXGroup;
			children = (
				ED66B4A42028951B004E84B5 /* ShareSomethingCell.swift */,
				EDFBD4BE2029078F008C2A88 /* PostCell.swift */,
				ED4BBB02202CC57E00CBD69E /* CommentCell.swift */,
			);
			path = myCommunity;
			sourceTree = "<group>";
		};
		ED2C50B820337E6500CB828C /* myMood */ = {
			isa = PBXGroup;
			children = (
				ED2C50B920337EA500CB828C /* MoodCell.swift */,
			);
			path = myMood;
			sourceTree = "<group>";
		};
		ED2C50BF20338A9700CB828C /* myMood */ = {
			isa = PBXGroup;
			children = (
				ED2C50BD20338A9100CB828C /* Mood.swift */,
			);
			path = myMood;
			sourceTree = "<group>";
		};
		ED2C92272036138500261475 /* Learn */ = {
			isa = PBXGroup;
			children = (
				ED490ACA2037581B0042136F /* LearnTableViewController.swift */,
			);
			path = Learn;
			sourceTree = "<group>";
		};
		ED2C92282036138F00261475 /* Home */ = {
			isa = PBXGroup;
			children = (
			);
			path = Home;
			sourceTree = "<group>";
		};
		ED2C92292036139600261475 /* mySymptoms */ = {
			isa = PBXGroup;
			children = (
			);
			path = mySymptoms;
			sourceTree = "<group>";
		};
		ED2C922A2036148400261475 /* Learn */ = {
			isa = PBXGroup;
			children = (
			);
			path = Learn;
			sourceTree = "<group>";
		};
		ED337C5B2046008D00C6BE8A /* Relax */ = {
			isa = PBXGroup;
			children = (
			);
			path = Relax;
			sourceTree = "<group>";
		};
		ED337C60204607BE00C6BE8A /* Relax */ = {
			isa = PBXGroup;
			children = (
				ED007547205D9F4100308502 /* relax.swift */,
			);
			path = Relax;
			sourceTree = "<group>";
		};
		ED3D72BA205425E600B3E22C /* ArticleList */ = {
			isa = PBXGroup;
			children = (
				ED3D72BE2054263C00B3E22C /* FeedItemViewController.swift */,
				ED3D72BF2054263C00B3E22C /* FeedListViewController.swift */,
				ED3D72C02054263C00B3E22C /* XmlParserManager.swift */,
				ED007543205D679800308502 /* ArticleListTableViewController.swift */,
				ED007545205D698F00308502 /* PublisherTableViewCell.swift */,
			);
			path = ArticleList;
			sourceTree = "<group>";
		};
		ED490AC7203754080042136F /* Learn */ = {
			isa = PBXGroup;
			children = (
				ED490AC5203753790042136F /* Video.swift */,
				ED490AC82037543B0042136F /* videoModel.swift */,
			);
			path = Learn;
			sourceTree = "<group>";
		};
		ED4BBAFF202C90FB00CBD69E /* Controller */ = {
			isa = PBXGroup;
			children = (
				ED284BAC20697EC800B0F11A /* New Group */,
				ED2C92292036139600261475 /* mySymptoms */,
				ED2C92282036138F00261475 /* Home */,
				ED2C92272036138500261475 /* Learn */,
				ED2C50B420337D3000CB828C /* User Profile */,
				ED2C50B320337D1500CB828C /* Login */,
				ED2C50B220337CE300CB828C /* myCommunity */,
				ED2C50B520337D3F00CB828C /* myMood */,
			);
			path = Controller;
			sourceTree = "<group>";
		};
		ED611F3E204EE7760087697C /* Breathe */ = {
			isa = PBXGroup;
			children = (
				ED611F43204EE7A50087697C /* BreatheView.swift */,
				ED611F46204EE7A60087697C /* CAMediaTimingFunction+CustomTypes.swift */,
				ED611F44204EE7A50087697C /* CGPoint+Hashable.swift */,
				ED611F42204EE7A50087697C /* CGRect+Center.swift */,
				ED611F3F204EE7A50087697C /* Math.swift */,
				ED611F41204EE7A50087697C /* UIBezierPath+Clone.swift */,
				ED611F40204EE7A50087697C /* UIColor+Hex.swift */,
				ED611F45204EE7A50087697C /* BreatheViewController.swift */,
				ED1553092059B62D0065B143 /* BreatheHomeViewController.swift */,
				ED33EE3D205EE55D00ECC133 /* RelaxTableViewCell.swift */,
				ED33EE41205F04BC00ECC133 /* BreatheHomeStatsViewController.swift */,
				ED33EE43205F04CF00ECC133 /* ReadingsTableViewCell.swift */,
				ED33EE46205F2F4E00ECC133 /* BreatheCollectionViewCell.swift */,
				EDEB8A092063D396005FEE7E /* LineViewCollectionViewCell.swift */,
			);
			name = Breathe;
			path = "New Group";
			sourceTree = "<group>";
		};
		ED66B4A3202894DE004E84B5 /* View */ = {
			isa = PBXGroup;
			children = (
				ED337C5B2046008D00C6BE8A /* Relax */,
				ED2C922A2036148400261475 /* Learn */,
				ED2C50B820337E6500CB828C /* myMood */,
				ED2C50B720337D6400CB828C /* myCommunity */,
			);
			path = View;
			sourceTree = "<group>";
		};
		ED66B4A7202897A4004E84B5 /* Model */ = {
			isa = PBXGroup;
			children = (
				ED337C60204607BE00C6BE8A /* Relax */,
				ED490AC7203754080042136F /* Learn */,
				ED2C50BF20338A9700CB828C /* myMood */,
				ED2C50B620337D5500CB828C /* myCommunity */,
			);
			path = Model;
			sourceTree = "<group>";
		};
		ED8B0690206FB11300287CEF /* RSS ARTICLES */ = {
			isa = PBXGroup;
			children = (
				ED8B0696206FB38500287CEF /* Cells */,
				ED8B0693206FB38100287CEF /* FavoritesViewController.swift */,
				ED8B0694206FB38200287CEF /* FeedViewController.swift */,
				ED8B069B206FB38800287CEF /* HomeViewController.swift */,
				ED8B0699206FB38800287CEF /* Manager */,
				ED8B0691206FB38000287CEF /* Model */,
				ED8B0695206FB38400287CEF /* MyUIAlertController.swift */,
			);
			path = "RSS ARTICLES";
			sourceTree = "<group>";
		};
		ED8B0691206FB38000287CEF /* Model */ = {
			isa = PBXGroup;
			children = (
				ED8B0692206FB38000287CEF /* FavoriteItem.swift */,
			);
			path = Model;
			sourceTree = "<group>";
		};
		ED8B0696206FB38500287CEF /* Cells */ = {
			isa = PBXGroup;
			children = (
				ED8B0697206FB38500287CEF /* FeedCell.swift */,
				ED8B0698206FB38500287CEF /* ItemCell.swift */,
			);
			path = Cells;
			sourceTree = "<group>";
		};
		ED8B0699206FB38800287CEF /* Manager */ = {
			isa = PBXGroup;
			children = (
				ED8B069A206FB38800287CEF /* DataManager.swift */,
			);
			path = Manager;
			sourceTree = "<group>";
		};
/* End PBXGroup section */

/* Begin PBXNativeTarget section */
		ED1CDDC22021E102005DEE2E /* meno-manage */ = {
			isa = PBXNativeTarget;
			buildConfigurationList = ED1CDDD52021E103005DEE2E /* Build configuration list for PBXNativeTarget "meno-manage" */;
			buildPhases = (
				C89EFBED5176456633D6F66F /* [CP] Check Pods Manifest.lock */,
				ED1CDDBF2021E102005DEE2E /* Sources */,
				ED1CDDC02021E102005DEE2E /* Frameworks */,
				ED1CDDC12021E102005DEE2E /* Resources */,
				D690E62D685672401C449691 /* [CP] Embed Pods Frameworks */,
				2C5D4C60E97CEE671C7D2D2C /* [CP] Copy Pods Resources */,
			);
			buildRules = (
			);
			dependencies = (
			);
			name = "meno-manage";
			productName = "meno-manage";
			productReference = ED1CDDC32021E102005DEE2E /* meno-manage.app */;
			productType = "com.apple.product-type.application";
		};
/* End PBXNativeTarget section */

/* Begin PBXProject section */
		ED1CDDBB2021E102005DEE2E /* Project object */ = {
			isa = PBXProject;
			attributes = {
				LastSwiftUpdateCheck = 0920;
				LastUpgradeCheck = 0930;
				ORGANIZATIONNAME = DevChris;
				TargetAttributes = {
					ED1CDDC22021E102005DEE2E = {
						CreatedOnToolsVersion = 9.2;
						ProvisioningStyle = Automatic;
						SystemCapabilities = {
							com.apple.DataProtection = {
								enabled = 1;
							};
							com.apple.HealthKit = {
								enabled = 1;
							};
						};
					};
				};
			};
			buildConfigurationList = ED1CDDBE2021E102005DEE2E /* Build configuration list for PBXProject "meno-manage" */;
			compatibilityVersion = "Xcode 8.0";
			developmentRegion = en;
			hasScannedForEncodings = 0;
			knownRegions = (
				en,
				Base,
			);
			mainGroup = ED1CDDBA2021E102005DEE2E;
			productRefGroup = ED1CDDC42021E102005DEE2E /* Products */;
			projectDirPath = "";
			projectRoot = "";
			targets = (
				ED1CDDC22021E102005DEE2E /* meno-manage */,
			);
		};
/* End PBXProject section */

/* Begin PBXResourcesBuildPhase section */
		ED1CDDC12021E102005DEE2E /* Resources */ = {
			isa = PBXResourcesBuildPhase;
			buildActionMask = 2147483647;
			files = (
				ED1CDDD12021E103005DEE2E /* LaunchScreen.storyboard in Resources */,
				ED1CDDD92021E230005DEE2E /* GoogleService-Info.plist in Resources */,
				ED1CDDCE2021E103005DEE2E /* Assets.xcassets in Resources */,
				ED1CDDCC2021E103005DEE2E /* Main.storyboard in Resources */,
			);
			runOnlyForDeploymentPostprocessing = 0;
		};
/* End PBXResourcesBuildPhase section */

/* Begin PBXShellScriptBuildPhase section */
		2C5D4C60E97CEE671C7D2D2C /* [CP] Copy Pods Resources */ = {
			isa = PBXShellScriptBuildPhase;
			buildActionMask = 2147483647;
			files = (
			);
			inputPaths = (
			);
			name = "[CP] Copy Pods Resources";
			outputPaths = (
			);
			runOnlyForDeploymentPostprocessing = 0;
			shellPath = /bin/sh;
			shellScript = "\"${SRCROOT}/Pods/Target Support Files/Pods-meno-manage/Pods-meno-manage-resources.sh\"\n";
			showEnvVarsInLog = 0;
		};
		C89EFBED5176456633D6F66F /* [CP] Check Pods Manifest.lock */ = {
			isa = PBXShellScriptBuildPhase;
			buildActionMask = 2147483647;
			files = (
			);
			inputPaths = (
				"${PODS_PODFILE_DIR_PATH}/Podfile.lock",
				"${PODS_ROOT}/Manifest.lock",
			);
			name = "[CP] Check Pods Manifest.lock";
			outputPaths = (
				"$(DERIVED_FILE_DIR)/Pods-meno-manage-checkManifestLockResult.txt",
			);
			runOnlyForDeploymentPostprocessing = 0;
			shellPath = /bin/sh;
			shellScript = "diff \"${PODS_PODFILE_DIR_PATH}/Podfile.lock\" \"${PODS_ROOT}/Manifest.lock\" > /dev/null\nif [ $? != 0 ] ; then\n    # print error to STDERR\n    echo \"error: The sandbox is not in sync with the Podfile.lock. Run 'pod install' or update your CocoaPods installation.\" >&2\n    exit 1\nfi\n# This output is used by Xcode 'outputs' to avoid re-running this script phase.\necho \"SUCCESS\" > \"${SCRIPT_OUTPUT_FILE_0}\"\n";
			showEnvVarsInLog = 0;
		};
		D690E62D685672401C449691 /* [CP] Embed Pods Frameworks */ = {
			isa = PBXShellScriptBuildPhase;
			buildActionMask = 2147483647;
			files = (
			);
			inputPaths = (
				"${SRCROOT}/Pods/Target Support Files/Pods-meno-manage/Pods-meno-manage-frameworks.sh",
				"${BUILT_PRODUCTS_DIR}/Alamofire/Alamofire.framework",
				"${BUILT_PRODUCTS_DIR}/Charts/Charts.framework",
				"${BUILT_PRODUCTS_DIR}/ChartsRealm/ChartsRealm.framework",
				"${BUILT_PRODUCTS_DIR}/CountdownLabel/CountdownLabel.framework",
				"${BUILT_PRODUCTS_DIR}/DZNEmptyDataSet/DZNEmptyDataSet.framework",
				"${BUILT_PRODUCTS_DIR}/EPCalendarPicker/EPCalendarPicker.framework",
				"${BUILT_PRODUCTS_DIR}/GTMSessionFetcher/GTMSessionFetcher.framework",
				"${BUILT_PRODUCTS_DIR}/GoogleToolboxForMac/GoogleToolboxForMac.framework",
				"${BUILT_PRODUCTS_DIR}/JTAppleCalendar/JTAppleCalendar.framework",
				"${BUILT_PRODUCTS_DIR}/MWFeedParser/MWFeedParser.framework",
				"${BUILT_PRODUCTS_DIR}/RLBAlertsPickers/RLBAlertsPickers.framework",
				"${BUILT_PRODUCTS_DIR}/Realm/Realm.framework",
				"${BUILT_PRODUCTS_DIR}/RealmSwift/RealmSwift.framework",
				"${BUILT_PRODUCTS_DIR}/ResearchKit/ResearchKit.framework",
				"${BUILT_PRODUCTS_DIR}/Spring/Spring.framework",
				"${BUILT_PRODUCTS_DIR}/SwiftKeychainWrapper/SwiftKeychainWrapper.framework",
				"${BUILT_PRODUCTS_DIR}/SwiftyPickerPopover/SwiftyPickerPopover.framework",
				"${BUILT_PRODUCTS_DIR}/leveldb-library/leveldb.framework",
				"${BUILT_PRODUCTS_DIR}/nanopb/nanopb.framework",
			);
			name = "[CP] Embed Pods Frameworks";
			outputPaths = (
				"${TARGET_BUILD_DIR}/${FRAMEWORKS_FOLDER_PATH}/Alamofire.framework",
				"${TARGET_BUILD_DIR}/${FRAMEWORKS_FOLDER_PATH}/Charts.framework",
				"${TARGET_BUILD_DIR}/${FRAMEWORKS_FOLDER_PATH}/ChartsRealm.framework",
				"${TARGET_BUILD_DIR}/${FRAMEWORKS_FOLDER_PATH}/CountdownLabel.framework",
				"${TARGET_BUILD_DIR}/${FRAMEWORKS_FOLDER_PATH}/DZNEmptyDataSet.framework",
				"${TARGET_BUILD_DIR}/${FRAMEWORKS_FOLDER_PATH}/EPCalendarPicker.framework",
				"${TARGET_BUILD_DIR}/${FRAMEWORKS_FOLDER_PATH}/GTMSessionFetcher.framework",
				"${TARGET_BUILD_DIR}/${FRAMEWORKS_FOLDER_PATH}/GoogleToolboxForMac.framework",
				"${TARGET_BUILD_DIR}/${FRAMEWORKS_FOLDER_PATH}/JTAppleCalendar.framework",
				"${TARGET_BUILD_DIR}/${FRAMEWORKS_FOLDER_PATH}/MWFeedParser.framework",
				"${TARGET_BUILD_DIR}/${FRAMEWORKS_FOLDER_PATH}/RLBAlertsPickers.framework",
				"${TARGET_BUILD_DIR}/${FRAMEWORKS_FOLDER_PATH}/Realm.framework",
				"${TARGET_BUILD_DIR}/${FRAMEWORKS_FOLDER_PATH}/RealmSwift.framework",
				"${TARGET_BUILD_DIR}/${FRAMEWORKS_FOLDER_PATH}/ResearchKit.framework",
				"${TARGET_BUILD_DIR}/${FRAMEWORKS_FOLDER_PATH}/Spring.framework",
				"${TARGET_BUILD_DIR}/${FRAMEWORKS_FOLDER_PATH}/SwiftKeychainWrapper.framework",
				"${TARGET_BUILD_DIR}/${FRAMEWORKS_FOLDER_PATH}/SwiftyPickerPopover.framework",
				"${TARGET_BUILD_DIR}/${FRAMEWORKS_FOLDER_PATH}/leveldb.framework",
				"${TARGET_BUILD_DIR}/${FRAMEWORKS_FOLDER_PATH}/nanopb.framework",
			);
			runOnlyForDeploymentPostprocessing = 0;
			shellPath = /bin/sh;
			shellScript = "\"${SRCROOT}/Pods/Target Support Files/Pods-meno-manage/Pods-meno-manage-frameworks.sh\"\n";
			showEnvVarsInLog = 0;
		};
/* End PBXShellScriptBuildPhase section */

/* Begin PBXSourcesBuildPhase section */
		ED1CDDBF2021E102005DEE2E /* Sources */ = {
			isa = PBXSourcesBuildPhase;
			buildActionMask = 2147483647;
			files = (
				ED611F4A204EE7A60087697C /* CGRect+Center.swift in Sources */,
				ED09CBFC2052D8F40043FCDD /* CollectionViewCell.swift in Sources */,
				ED2C50BA20337EA500CB828C /* MoodCell.swift in Sources */,
				ED4BBB03202CC57E00CBD69E /* CommentCell.swift in Sources */,
				ED1DA6D72031B5FD0033A440 /* CommentPostViewController.swift in Sources */,
				ED8B06A3206FB38900287CEF /* HomeViewController.swift in Sources */,
				ED611F4B204EE7A60087697C /* BreatheView.swift in Sources */,
				EDEB8A0E2063D962005FEE7E /* MyPostsTableViewController.swift in Sources */,
				ED4BBB01202C91A500CBD69E /* PostViewController.swift in Sources */,
				ED007548205D9F4100308502 /* relax.swift in Sources */,
				ED8B06A1206FB38900287CEF /* ItemCell.swift in Sources */,
				ED8B069D206FB38900287CEF /* FavoritesViewController.swift in Sources */,
				ED284BB32069931F00B0F11A /* DayTimeCollectionViewCell.swift in Sources */,
				ED611F49204EE7A60087697C /* UIBezierPath+Clone.swift in Sources */,
				ED611F4C204EE7A60087697C /* CGPoint+Hashable.swift in Sources */,
				ED007546205D698F00308502 /* PublisherTableViewCell.swift in Sources */,
				ED8B06A2206FB38900287CEF /* DataManager.swift in Sources */,
				ED1CDDDD2021E65F005DEE2E /* SignInViewController.swift in Sources */,
				EDFBD4C12029088E008C2A88 /* Post.swift in Sources */,
				ED8B069E206FB38900287CEF /* FeedViewController.swift in Sources */,
				ED1CDDDB2021E650005DEE2E /* SignUpViewController.swift in Sources */,
				ED2C50BC2033821A00CB828C /* PostMoodViewController.swift in Sources */,
				ED1F9A67206FE0CB002B3469 /* ConsentTask.swift in Sources */,
				ED611F4D204EE7A60087697C /* BreatheViewController.swift in Sources */,
				EDEB8A102063D9AD005FEE7E /* MyPostsTableViewCell.swift in Sources */,
				ED611F47204EE7A60087697C /* Math.swift in Sources */,
				ED1AAA9D20828BD500E7BE3F /* moodActivityCollectionViewCell.swift in Sources */,
				ED3D72C32054263C00B3E22C /* XmlParserManager.swift in Sources */,
				ED66B4A52028951B004E84B5 /* ShareSomethingCell.swift in Sources */,
				ED66B4A92028C001004E84B5 /* ShareSomething.swift in Sources */,
				ED1AAA9A20826C7E00E7BE3F /* MoodHomeTableViewCell.swift in Sources */,
				ED66B4AB2028C227004E84B5 /* CommunityViewController.swift in Sources */,
				ED007544205D679800308502 /* ArticleListTableViewController.swift in Sources */,
				ED1AAAA320828C1500E7BE3F /* symptomActivityCollectionViewCell.swift in Sources */,
				ED3D72C12054263C00B3E22C /* FeedItemViewController.swift in Sources */,
				EDEB8A0A2063D396005FEE7E /* LineViewCollectionViewCell.swift in Sources */,
				ED3D72C22054263C00B3E22C /* FeedListViewController.swift in Sources */,
				ED490ACB2037581B0042136F /* LearnTableViewController.swift in Sources */,
				ED4BBB05202CD59800CBD69E /* CommentViewController.swift in Sources */,
				ED1AAAA120828BFF00E7BE3F /* lastNoteCollectionViewCell.swift in Sources */,
				ED757472203F03B400DF0610 /* MoodHomeViewController.swift in Sources */,
				EDCC3AB3202385630051B132 /* ProfileViewController.swift in Sources */,
				ED33EE47205F2F4E00ECC133 /* BreatheCollectionViewCell.swift in Sources */,
				ED284BAF20697EF400B0F11A /* HealthHomeViewController.swift in Sources */,
				ED15530A2059B62D0065B143 /* BreatheHomeViewController.swift in Sources */,
				ED1CDDC92021E102005DEE2E /* ViewController.swift in Sources */,
				ED8B06A0206FB38900287CEF /* FeedCell.swift in Sources */,
				ED375C0B20790E80002D1489 /* HealthTableViewCell.swift in Sources */,
				ED33EE3E205EE55D00ECC133 /* RelaxTableViewCell.swift in Sources */,
				EDF8870A205BD87800036BE9 /* NewPostMoodViewController.swift in Sources */,
				ED09CBFB2052D8F40043FCDD /* MoodChartsViewController.swift in Sources */,
				ED33EE42205F04BC00ECC133 /* BreatheHomeStatsViewController.swift in Sources */,
				ED8B069C206FB38900287CEF /* FavoriteItem.swift in Sources */,
				ED490AC92037543B0042136F /* videoModel.swift in Sources */,
				ED33EE44205F04CF00ECC133 /* ReadingsTableViewCell.swift in Sources */,
				ED1AAA9F20828BED00E7BE3F /* todayActivityCollectionViewCell.swift in Sources */,
				ED611F48204EE7A60087697C /* UIColor+Hex.swift in Sources */,
				ED1CDDC72021E102005DEE2E /* AppDelegate.swift in Sources */,
				ED66B4AD2028C793004E84B5 /* SetImageViewController.swift in Sources */,
				ED611F4E204EE7A60087697C /* CAMediaTimingFunction+CustomTypes.swift in Sources */,
				ED2C50BE20338A9100CB828C /* Mood.swift in Sources */,
				ED8B069F206FB38900287CEF /* MyUIAlertController.swift in Sources */,
				ED3D72BD2054262100B3E22C /* RSSwift.xcdatamodeld in Sources */,
				ED2C50AF20337CB400CB828C /* MoodTableViewController.swift in Sources */,
				ED490AC6203753790042136F /* Video.swift in Sources */,
				EDFBD4BF2029078F008C2A88 /* PostCell.swift in Sources */,
			);
			runOnlyForDeploymentPostprocessing = 0;
		};
/* End PBXSourcesBuildPhase section */

/* Begin PBXVariantGroup section */
		ED1CDDCA2021E103005DEE2E /* Main.storyboard */ = {
			isa = PBXVariantGroup;
			children = (
				ED1CDDCB2021E103005DEE2E /* Base */,
			);
			name = Main.storyboard;
			sourceTree = "<group>";
		};
		ED1CDDCF2021E103005DEE2E /* LaunchScreen.storyboard */ = {
			isa = PBXVariantGroup;
			children = (
				ED1CDDD02021E103005DEE2E /* Base */,
			);
			name = LaunchScreen.storyboard;
			sourceTree = "<group>";
		};
/* End PBXVariantGroup section */

/* Begin XCBuildConfiguration section */
		ED1CDDD32021E103005DEE2E /* Debug */ = {
			isa = XCBuildConfiguration;
			buildSettings = {
				ALWAYS_SEARCH_USER_PATHS = NO;
				CLANG_ANALYZER_NONNULL = YES;
				CLANG_ANALYZER_NUMBER_OBJECT_CONVERSION = YES_AGGRESSIVE;
				CLANG_CXX_LANGUAGE_STANDARD = "gnu++14";
				CLANG_CXX_LIBRARY = "libc++";
				CLANG_ENABLE_MODULES = YES;
				CLANG_ENABLE_OBJC_ARC = YES;
				CLANG_WARN_BLOCK_CAPTURE_AUTORELEASING = YES;
				CLANG_WARN_BOOL_CONVERSION = YES;
				CLANG_WARN_COMMA = YES;
				CLANG_WARN_CONSTANT_CONVERSION = YES;
				CLANG_WARN_DEPRECATED_OBJC_IMPLEMENTATIONS = YES;
				CLANG_WARN_DIRECT_OBJC_ISA_USAGE = YES_ERROR;
				CLANG_WARN_DOCUMENTATION_COMMENTS = YES;
				CLANG_WARN_EMPTY_BODY = YES;
				CLANG_WARN_ENUM_CONVERSION = YES;
				CLANG_WARN_INFINITE_RECURSION = YES;
				CLANG_WARN_INT_CONVERSION = YES;
				CLANG_WARN_NON_LITERAL_NULL_CONVERSION = YES;
				CLANG_WARN_OBJC_IMPLICIT_RETAIN_SELF = YES;
				CLANG_WARN_OBJC_LITERAL_CONVERSION = YES;
				CLANG_WARN_OBJC_ROOT_CLASS = YES_ERROR;
				CLANG_WARN_RANGE_LOOP_ANALYSIS = YES;
				CLANG_WARN_STRICT_PROTOTYPES = YES;
				CLANG_WARN_SUSPICIOUS_MOVE = YES;
				CLANG_WARN_UNGUARDED_AVAILABILITY = YES_AGGRESSIVE;
				CLANG_WARN_UNREACHABLE_CODE = YES;
				CLANG_WARN__DUPLICATE_METHOD_MATCH = YES;
				CODE_SIGN_IDENTITY = "iPhone Developer";
				COPY_PHASE_STRIP = NO;
				DEBUG_INFORMATION_FORMAT = dwarf;
				ENABLE_STRICT_OBJC_MSGSEND = YES;
				ENABLE_TESTABILITY = YES;
				GCC_C_LANGUAGE_STANDARD = gnu11;
				GCC_DYNAMIC_NO_PIC = NO;
				GCC_NO_COMMON_BLOCKS = YES;
				GCC_OPTIMIZATION_LEVEL = 0;
				GCC_PREPROCESSOR_DEFINITIONS = (
					"DEBUG=1",
					"$(inherited)",
				);
				GCC_WARN_64_TO_32_BIT_CONVERSION = YES;
				GCC_WARN_ABOUT_RETURN_TYPE = YES_ERROR;
				GCC_WARN_UNDECLARED_SELECTOR = YES;
				GCC_WARN_UNINITIALIZED_AUTOS = YES_AGGRESSIVE;
				GCC_WARN_UNUSED_FUNCTION = YES;
				GCC_WARN_UNUSED_VARIABLE = YES;
				IPHONEOS_DEPLOYMENT_TARGET = 11.2;
				MTL_ENABLE_DEBUG_INFO = YES;
				ONLY_ACTIVE_ARCH = YES;
				SDKROOT = iphoneos;
				SWIFT_ACTIVE_COMPILATION_CONDITIONS = DEBUG;
				SWIFT_OPTIMIZATION_LEVEL = "-Onone";
			};
			name = Debug;
		};
		ED1CDDD42021E103005DEE2E /* Release */ = {
			isa = XCBuildConfiguration;
			buildSettings = {
				ALWAYS_SEARCH_USER_PATHS = NO;
				CLANG_ANALYZER_NONNULL = YES;
				CLANG_ANALYZER_NUMBER_OBJECT_CONVERSION = YES_AGGRESSIVE;
				CLANG_CXX_LANGUAGE_STANDARD = "gnu++14";
				CLANG_CXX_LIBRARY = "libc++";
				CLANG_ENABLE_MODULES = YES;
				CLANG_ENABLE_OBJC_ARC = YES;
				CLANG_WARN_BLOCK_CAPTURE_AUTORELEASING = YES;
				CLANG_WARN_BOOL_CONVERSION = YES;
				CLANG_WARN_COMMA = YES;
				CLANG_WARN_CONSTANT_CONVERSION = YES;
				CLANG_WARN_DEPRECATED_OBJC_IMPLEMENTATIONS = YES;
				CLANG_WARN_DIRECT_OBJC_ISA_USAGE = YES_ERROR;
				CLANG_WARN_DOCUMENTATION_COMMENTS = YES;
				CLANG_WARN_EMPTY_BODY = YES;
				CLANG_WARN_ENUM_CONVERSION = YES;
				CLANG_WARN_INFINITE_RECURSION = YES;
				CLANG_WARN_INT_CONVERSION = YES;
				CLANG_WARN_NON_LITERAL_NULL_CONVERSION = YES;
				CLANG_WARN_OBJC_IMPLICIT_RETAIN_SELF = YES;
				CLANG_WARN_OBJC_LITERAL_CONVERSION = YES;
				CLANG_WARN_OBJC_ROOT_CLASS = YES_ERROR;
				CLANG_WARN_RANGE_LOOP_ANALYSIS = YES;
				CLANG_WARN_STRICT_PROTOTYPES = YES;
				CLANG_WARN_SUSPICIOUS_MOVE = YES;
				CLANG_WARN_UNGUARDED_AVAILABILITY = YES_AGGRESSIVE;
				CLANG_WARN_UNREACHABLE_CODE = YES;
				CLANG_WARN__DUPLICATE_METHOD_MATCH = YES;
				CODE_SIGN_IDENTITY = "iPhone Developer";
				COPY_PHASE_STRIP = NO;
				DEBUG_INFORMATION_FORMAT = "dwarf-with-dsym";
				ENABLE_NS_ASSERTIONS = NO;
				ENABLE_STRICT_OBJC_MSGSEND = YES;
				GCC_C_LANGUAGE_STANDARD = gnu11;
				GCC_NO_COMMON_BLOCKS = YES;
				GCC_WARN_64_TO_32_BIT_CONVERSION = YES;
				GCC_WARN_ABOUT_RETURN_TYPE = YES_ERROR;
				GCC_WARN_UNDECLARED_SELECTOR = YES;
				GCC_WARN_UNINITIALIZED_AUTOS = YES_AGGRESSIVE;
				GCC_WARN_UNUSED_FUNCTION = YES;
				GCC_WARN_UNUSED_VARIABLE = YES;
				IPHONEOS_DEPLOYMENT_TARGET = 11.2;
				MTL_ENABLE_DEBUG_INFO = NO;
				SDKROOT = iphoneos;
				SWIFT_OPTIMIZATION_LEVEL = "-Owholemodule";
				VALIDATE_PRODUCT = YES;
			};
			name = Release;
		};
		ED1CDDD62021E103005DEE2E /* Debug */ = {
			isa = XCBuildConfiguration;
			baseConfigurationReference = A38686F15C57A7693E326BDD /* Pods-meno-manage.debug.xcconfig */;
			buildSettings = {
				ASSETCATALOG_COMPILER_APPICON_NAME = AppIcon;
				CODE_SIGN_ENTITLEMENTS = "meno-manage/meno-manage.entitlements";
				"CODE_SIGN_IDENTITY[sdk=iphoneos*]" = "iPhone Developer";
				CODE_SIGN_STYLE = Automatic;
				DEVELOPMENT_TEAM = M8W8RAWNQB;
				INFOPLIST_FILE = "meno-manage/Info.plist";
				LD_RUNPATH_SEARCH_PATHS = "$(inherited) @executable_path/Frameworks";
				PRODUCT_BUNDLE_IDENTIFIER = "com.chriscampbell.meno-manage1";
				PRODUCT_NAME = "$(TARGET_NAME)";
				PROVISIONING_PROFILE_SPECIFIER = "";
				SWIFT_VERSION = 4.0;
				TARGETED_DEVICE_FAMILY = "1,2";
			};
			name = Debug;
		};
		ED1CDDD72021E103005DEE2E /* Release */ = {
			isa = XCBuildConfiguration;
			baseConfigurationReference = A33D84BC58A5609BE5EC4022 /* Pods-meno-manage.release.xcconfig */;
			buildSettings = {
				ASSETCATALOG_COMPILER_APPICON_NAME = AppIcon;
				CODE_SIGN_ENTITLEMENTS = "meno-manage/meno-manage.entitlements";
				"CODE_SIGN_IDENTITY[sdk=iphoneos*]" = "iPhone Developer";
				CODE_SIGN_STYLE = Automatic;
				DEVELOPMENT_TEAM = M8W8RAWNQB;
				INFOPLIST_FILE = "meno-manage/Info.plist";
				LD_RUNPATH_SEARCH_PATHS = "$(inherited) @executable_path/Frameworks";
				PRODUCT_BUNDLE_IDENTIFIER = "com.chriscampbell.meno-manage1";
				PRODUCT_NAME = "$(TARGET_NAME)";
				PROVISIONING_PROFILE_SPECIFIER = "";
				SWIFT_VERSION = 4.0;
				TARGETED_DEVICE_FAMILY = "1,2";
			};
			name = Release;
		};
/* End XCBuildConfiguration section */

/* Begin XCConfigurationList section */
		ED1CDDBE2021E102005DEE2E /* Build configuration list for PBXProject "meno-manage" */ = {
			isa = XCConfigurationList;
			buildConfigurations = (
				ED1CDDD32021E103005DEE2E /* Debug */,
				ED1CDDD42021E103005DEE2E /* Release */,
			);
			defaultConfigurationIsVisible = 0;
			defaultConfigurationName = Release;
		};
		ED1CDDD52021E103005DEE2E /* Build configuration list for PBXNativeTarget "meno-manage" */ = {
			isa = XCConfigurationList;
			buildConfigurations = (
				ED1CDDD62021E103005DEE2E /* Debug */,
				ED1CDDD72021E103005DEE2E /* Release */,
			);
			defaultConfigurationIsVisible = 0;
			defaultConfigurationName = Release;
		};
/* End XCConfigurationList section */

/* Begin XCVersionGroup section */
		ED3D72BB2054262100B3E22C /* RSSwift.xcdatamodeld */ = {
			isa = XCVersionGroup;
			children = (
				ED3D72BC2054262100B3E22C /* RSSwift.xcdatamodel */,
			);
			currentVersion = ED3D72BC2054262100B3E22C /* RSSwift.xcdatamodel */;
			path = RSSwift.xcdatamodeld;
			sourceTree = "<group>";
			versionGroupType = wrapper.xcdatamodel;
		};
/* End XCVersionGroup section */
	};
	rootObject = ED1CDDBB2021E102005DEE2E /* Project object */;
}
